
Microsoft Visual Studio Solution File, Format Version 12.00
# Visual Studio Version 17
VisualStudioVersion = 17.4.33213.308
MinimumVisualStudioVersion = 10.0.40219.1
Project("{FAE04EC0-301F-11D3-BF4B-00C04F79EFBC}") = "PAClient", "PAClient\PAClient.csproj", "{DCD90016-6A5B-4711-B8A4-48A69BFC34AB}"
EndProject
Project("{9A19103F-16F7-4668-BE54-9A1E7A4F7556}") = "WpfApp2", "WpfApp2\WpfApp2.csproj", "{90FB7C9F-C8AA-4120-9AC9-59EFC1F22D0F}"
EndProject
Project("{FAE04EC0-301F-11D3-BF4B-00C04F79EFBC}") = "PaDesktop", "PaDesktop\PaDesktop.csproj", "{307B791E-F7FB-4C4B-AA9A-5BF2DE98F016}"
EndProject
Global
	GlobalSection(SolutionConfigurationPlatforms) = preSolution
		Debug|Any CPU = Debug|Any CPU
		Release|Any CPU = Release|Any CPU
	EndGlobalSection
	GlobalSection(ProjectConfigurationPlatforms) = postSolution
		{DCD90016-6A5B-4711-B8A4-48A69BFC34AB}.Debug|Any CPU.ActiveCfg = Debug|Any CPU
		{DCD90016-6A5B-4711-B8A4-48A69BFC34AB}.Debug|Any CPU.Build.0 = Debug|Any CPU
		{DCD90016-6A5B-4711-B8A4-48A69BFC34AB}.Release|Any CPU.ActiveCfg = Release|Any CPU
		{DCD90016-6A5B-4711-B8A4-48A69BFC34AB}.Release|Any CPU.Build.0 = Release|Any CPU
		{90FB7C9F-C8AA-4120-9AC9-59EFC1F22D0F}.Debug|Any CPU.ActiveCfg = Debug|Any CPU
		{90FB7C9F-C8AA-4120-9AC9-59EFC1F22D0F}.Debug|Any CPU.Build.0 = Debug|Any CPU
		{90FB7C9F-C8AA-4120-9AC9-59EFC1F22D0F}.Release|Any CPU.ActiveCfg = Release|Any CPU
		{90FB7C9F-C8AA-4120-9AC9-59EFC1F22D0F}.Release|Any CPU.Build.0 = Release|Any CPU
		{307B791E-F7FB-4C4B-AA9A-5BF2DE98F016}.Debug|Any CPU.ActiveCfg = Debug|Any CPU
		{307B791E-F7FB-4C4B-AA9A-5BF2DE98F016}.Debug|Any CPU.Build.0 = Debug|Any CPU
		{307B791E-F7FB-4C4B-AA9A-5BF2DE98F016}.Release|Any CPU.ActiveCfg = Release|Any CPU
		{307B791E-F7FB-4C4B-AA9A-5BF2DE98F016}.Release|Any CPU.Build.0 = Release|Any CPU
	EndGlobalSection
	GlobalSection(SolutionProperties) = preSolution
		HideSolutionNode = FALSE
	EndGlobalSection
	GlobalSection(ExtensibilityGlobals) = postSolution
		SolutionGuid = {08296839-B51D-4576-8677-20094E7C0C78}
	EndGlobalSection
EndGlobal
